
Microsoft Visual Studio Solution File, Format Version 12.00
# Visual Studio Version 17
VisualStudioVersion = 17.3.32819.101
MinimumVisualStudioVersion = 10.0.40219.1
Project("{FAE04EC0-301F-11D3-BF4B-00C04F79EFBC}") = "Calabonga.BlazorStateInCascadingValue", "Calabonga.BlazorStateInCascadingValue\Calabonga.BlazorStateInCascadingValue.csproj", "{9994E8FE-2FFC-4842-A006-D8853C4AAB37}"
EndProject
Global
	GlobalSection(SolutionConfigurationPlatforms) = preSolution
		Debug|Any CPU = Debug|Any CPU
		Release|Any CPU = Release|Any CPU
	EndGlobalSection
	GlobalSection(ProjectConfigurationPlatforms) = postSolution
		{9994E8FE-2FFC-4842-A006-D8853C4AAB37}.Debug|Any CPU.ActiveCfg = Debug|Any CPU
		{9994E8FE-2FFC-4842-A006-D8853C4AAB37}.Debug|Any CPU.Build.0 = Debug|Any CPU
		{9994E8FE-2FFC-4842-A006-D8853C4AAB37}.Release|Any CPU.ActiveCfg = Release|Any CPU
		{9994E8FE-2FFC-4842-A006-D8853C4AAB37}.Release|Any CPU.Build.0 = Release|Any CPU
	EndGlobalSection
	GlobalSection(SolutionProperties) = preSolution
		HideSolutionNode = FALSE
	EndGlobalSection
	GlobalSection(ExtensibilityGlobals) = postSolution
		SolutionGuid = {6301442E-AD22-48F9-87C1-89702512724D}
	EndGlobalSection
EndGlobal
